
Microsoft Visual Studio Solution File, Format Version 12.00
# Visual Studio 15
VisualStudioVersion = 15.0.28307.168
MinimumVisualStudioVersion = 10.0.40219.1
Project("{8BC9CEB8-8B4A-11D0-8D11-00A0C91BC942}") = "Demo_Engine", "Demo_Engine.vcxproj", "{1D29DF0A-E4B9-49FB-885B-589F76088DDE}"
	ProjectSection(ProjectDependencies) = postProject
		{FC430C71-0ADC-431F-AD4D-3D9F9CBDDAAD} = {FC430C71-0ADC-431F-AD4D-3D9F9CBDDAAD}
	EndProjectSection
EndProject
Project("{8BC9CEB8-8B4A-11D0-8D11-00A0C91BC942}") = "Imperfect_Engine", "..\..\..\Engine\projects\Imperfect_Engine\Imperfect_Engine.vcxproj", "{FC430C71-0ADC-431F-AD4D-3D9F9CBDDAAD}"
EndProject
Global
	GlobalSection(SolutionConfigurationPlatforms) = preSolution
		Debug|x64 = Debug|x64
		Release|x64 = Release|x64
	EndGlobalSection
	GlobalSection(ProjectConfigurationPlatforms) = postSolution
		{1D29DF0A-E4B9-49FB-885B-589F76088DDE}.Debug|x64.ActiveCfg = Debug|x64
		{1D29DF0A-E4B9-49FB-885B-589F76088DDE}.Debug|x64.Build.0 = Debug|x64
		{1D29DF0A-E4B9-49FB-885B-589F76088DDE}.Release|x64.ActiveCfg = Release|x64
		{1D29DF0A-E4B9-49FB-885B-589F76088DDE}.Release|x64.Build.0 = Release|x64
		{FC430C71-0ADC-431F-AD4D-3D9F9CBDDAAD}.Debug|x64.ActiveCfg = Debug|x64
		{FC430C71-0ADC-431F-AD4D-3D9F9CBDDAAD}.Debug|x64.Build.0 = Debug|x64
		{FC430C71-0ADC-431F-AD4D-3D9F9CBDDAAD}.Release|x64.ActiveCfg = Release|x64
		{FC430C71-0ADC-431F-AD4D-3D9F9CBDDAAD}.Release|x64.Build.0 = Release|x64
	EndGlobalSection
	GlobalSection(SolutionProperties) = preSolution
		HideSolutionNode = FALSE
	EndGlobalSection
	GlobalSection(ExtensibilityGlobals) = postSolution
		SolutionGuid = {8E4B4D4D-39DD-4084-AAC5-BAEE68B9A376}
	EndGlobalSection
EndGlobal
